
Microsoft Visual Studio Solution File, Format Version 12.00
# Visual Studio Version 16
VisualStudioVersion = 16.0.29728.190
MinimumVisualStudioVersion = 10.0.40219.1
Project("{9A19103F-16F7-4668-BE54-9A1E7A4F7556}") = "Chilicki.CoffeeMugTask.WebApi", "Chilicki.CoffeeMugTask.WebApi\Chilicki.CoffeeMugTask.WebApi.csproj", "{E221524E-B8DA-4D53-832A-40EA30A2C539}"
EndProject
Project("{9A19103F-16F7-4668-BE54-9A1E7A4F7556}") = "Chilicki.CoffeeMugTask.Data", "Chilicki.CoffeeMugTask.Data\Chilicki.CoffeeMugTask.Data.csproj", "{036062FC-42F4-47D0-BF2C-3344BA1DF4D0}"
EndProject
Project("{FAE04EC0-301F-11D3-BF4B-00C04F79EFBC}") = "Chilicki.CoffeeMugTask.Application", "Chilicki.CoffeeMugTask.Application\Chilicki.CoffeeMugTask.Application.csproj", "{A7B08F59-DF84-489A-AC5C-22A8638DC1FF}"
EndProject
Project("{2150E333-8FDC-42A3-9474-1A3956D46DE8}") = "1. Data", "1. Data", "{82E4A99A-2A1B-452E-BE89-3347ADB9B9E8}"
EndProject
Project("{2150E333-8FDC-42A3-9474-1A3956D46DE8}") = "2. Application", "2. Application", "{369763EF-8B7F-41C6-ACF0-D1016C7F6504}"
EndProject
Project("{2150E333-8FDC-42A3-9474-1A3956D46DE8}") = "3. WebApi", "3. WebApi", "{DA00D5CC-9572-400A-B22C-1B7EEE3008A1}"
EndProject
Global
	GlobalSection(SolutionConfigurationPlatforms) = preSolution
		Debug|Any CPU = Debug|Any CPU
		Release|Any CPU = Release|Any CPU
	EndGlobalSection
	GlobalSection(ProjectConfigurationPlatforms) = postSolution
		{E221524E-B8DA-4D53-832A-40EA30A2C539}.Debug|Any CPU.ActiveCfg = Debug|Any CPU
		{E221524E-B8DA-4D53-832A-40EA30A2C539}.Debug|Any CPU.Build.0 = Debug|Any CPU
		{E221524E-B8DA-4D53-832A-40EA30A2C539}.Release|Any CPU.ActiveCfg = Release|Any CPU
		{E221524E-B8DA-4D53-832A-40EA30A2C539}.Release|Any CPU.Build.0 = Release|Any CPU
		{036062FC-42F4-47D0-BF2C-3344BA1DF4D0}.Debug|Any CPU.ActiveCfg = Debug|Any CPU
		{036062FC-42F4-47D0-BF2C-3344BA1DF4D0}.Debug|Any CPU.Build.0 = Debug|Any CPU
		{036062FC-42F4-47D0-BF2C-3344BA1DF4D0}.Release|Any CPU.ActiveCfg = Release|Any CPU
		{036062FC-42F4-47D0-BF2C-3344BA1DF4D0}.Release|Any CPU.Build.0 = Release|Any CPU
		{A7B08F59-DF84-489A-AC5C-22A8638DC1FF}.Debug|Any CPU.ActiveCfg = Debug|Any CPU
		{A7B08F59-DF84-489A-AC5C-22A8638DC1FF}.Debug|Any CPU.Build.0 = Debug|Any CPU
		{A7B08F59-DF84-489A-AC5C-22A8638DC1FF}.Release|Any CPU.ActiveCfg = Release|Any CPU
		{A7B08F59-DF84-489A-AC5C-22A8638DC1FF}.Release|Any CPU.Build.0 = Release|Any CPU
	EndGlobalSection
	GlobalSection(SolutionProperties) = preSolution
		HideSolutionNode = FALSE
	EndGlobalSection
	GlobalSection(NestedProjects) = preSolution
		{E221524E-B8DA-4D53-832A-40EA30A2C539} = {DA00D5CC-9572-400A-B22C-1B7EEE3008A1}
		{036062FC-42F4-47D0-BF2C-3344BA1DF4D0} = {82E4A99A-2A1B-452E-BE89-3347ADB9B9E8}
		{A7B08F59-DF84-489A-AC5C-22A8638DC1FF} = {369763EF-8B7F-41C6-ACF0-D1016C7F6504}
	EndGlobalSection
	GlobalSection(ExtensibilityGlobals) = postSolution
		SolutionGuid = {73A9379B-3D50-4A4D-B071-37EE5212A575}
	EndGlobalSection
EndGlobal
